// !$*UTF8*$!
{
	archiveVersion = 1;
	classes = {
	};
	objectVersion = 50;
	objects = {

/* Begin PBXBuildFile section */
		F0EE92D824CB9E1B00CB3F6E /* AppDelegate.swift in Sources */ = {isa = PBXBuildFile; fileRef = F0EE92D724CB9E1B00CB3F6E /* AppDelegate.swift */; };
		F0EE92DA24CB9E1B00CB3F6E /* SceneDelegate.swift in Sources */ = {isa = PBXBuildFile; fileRef = F0EE92D924CB9E1B00CB3F6E /* SceneDelegate.swift */; };
		F0EE92DC24CB9E1B00CB3F6E /* ViewController.swift in Sources */ = {isa = PBXBuildFile; fileRef = F0EE92DB24CB9E1B00CB3F6E /* ViewController.swift */; };
		F0EE92DF24CB9E1B00CB3F6E /* Main.storyboard in Resources */ = {isa = PBXBuildFile; fileRef = F0EE92DD24CB9E1B00CB3F6E /* Main.storyboard */; };
		F0EE92E124CB9E1D00CB3F6E /* Assets.xcassets in Resources */ = {isa = PBXBuildFile; fileRef = F0EE92E024CB9E1D00CB3F6E /* Assets.xcassets */; };
		F0EE92E424CB9E1D00CB3F6E /* LaunchScreen.storyboard in Resources */ = {isa = PBXBuildFile; fileRef = F0EE92E224CB9E1D00CB3F6E /* LaunchScreen.storyboard */; };
		F0EE92EF24CB9E1D00CB3F6E /* tipTests.swift in Sources */ = {isa = PBXBuildFile; fileRef = F0EE92EE24CB9E1D00CB3F6E /* tipTests.swift */; };
		F0EE92FA24CB9E1D00CB3F6E /* tipUITests.swift in Sources */ = {isa = PBXBuildFile; fileRef = F0EE92F924CB9E1D00CB3F6E /* tipUITests.swift */; };
/* End PBXBuildFile section */

/* Begin PBXContainerItemProxy section */
		F0EE92EB24CB9E1D00CB3F6E /* PBXContainerItemProxy */ = {
			isa = PBXContainerItemProxy;
			containerPortal = F0EE92CC24CB9E1B00CB3F6E /* Project object */;
			proxyType = 1;
			remoteGlobalIDString = F0EE92D324CB9E1B00CB3F6E;
			remoteInfo = tip;
		};
		F0EE92F624CB9E1D00CB3F6E /* PBXContainerItemProxy */ = {
			isa = PBXContainerItemProxy;
			containerPortal = F0EE92CC24CB9E1B00CB3F6E /* Project object */;
			proxyType = 1;
			remoteGlobalIDString = F0EE92D324CB9E1B00CB3F6E;
			remoteInfo = tip;
		};
/* End PBXContainerItemProxy section */

/* Begin PBXFileReference section */
		F0EE92D424CB9E1B00CB3F6E /* tip.app */ = {isa = PBXFileReference; explicitFileType = wrapper.application; includeInIndex = 0; path = tip.app; sourceTree = BUILT_PRODUCTS_DIR; };
		F0EE92D724CB9E1B00CB3F6E /* AppDelegate.swift */ = {isa = PBXFileReference; lastKnownFileType = sourcecode.swift; path = AppDelegate.swift; sourceTree = "<group>"; };
		F0EE92D924CB9E1B00CB3F6E /* SceneDelegate.swift */ = {isa = PBXFileReference; lastKnownFileType = sourcecode.swift; path = SceneDelegate.swift; sourceTree = "<group>"; };
		F0EE92DB24CB9E1B00CB3F6E /* ViewController.swift */ = {isa = PBXFileReference; lastKnownFileType = sourcecode.swift; path = ViewController.swift; sourceTree = "<group>"; };
		F0EE92DE24CB9E1B00CB3F6E /* Base */ = {isa = PBXFileReference; lastKnownFileType = file.storyboard; name = Base; path = Base.lproj/Main.storyboard; sourceTree = "<group>"; };
		F0EE92E024CB9E1D00CB3F6E /* Assets.xcassets */ = {isa = PBXFileReference; lastKnownFileType = folder.assetcatalog; path = Assets.xcassets; sourceTree = "<group>"; };
		F0EE92E324CB9E1D00CB3F6E /* Base */ = {isa = PBXFileReference; lastKnownFileType = file.storyboard; name = Base; path = Base.lproj/LaunchScreen.storyboard; sourceTree = "<group>"; };
		F0EE92E524CB9E1D00CB3F6E /* Info.plist */ = {isa = PBXFileReference; lastKnownFileType = text.plist.xml; path = Info.plist; sourceTree = "<group>"; };
		F0EE92EA24CB9E1D00CB3F6E /* tipTests.xctest */ = {isa = PBXFileReference; explicitFileType = wrapper.cfbundle; includeInIndex = 0; path = tipTests.xctest; sourceTree = BUILT_PRODUCTS_DIR; };
		F0EE92EE24CB9E1D00CB3F6E /* tipTests.swift */ = {isa = PBXFileReference; lastKnownFileType = sourcecode.swift; path = tipTests.swift; sourceTree = "<group>"; };
		F0EE92F024CB9E1D00CB3F6E /* Info.plist */ = {isa = PBXFileReference; lastKnownFileType = text.plist.xml; path = Info.plist; sourceTree = "<group>"; };
		F0EE92F524CB9E1D00CB3F6E /* tipUITests.xctest */ = {isa = PBXFileReference; explicitFileType = wrapper.cfbundle; includeInIndex = 0; path = tipUITests.xctest; sourceTree = BUILT_PRODUCTS_DIR; };
		F0EE92F924CB9E1D00CB3F6E /* tipUITests.swift */ = {isa = PBXFileReference; lastKnownFileType = sourcecode.swift; path = tipUITests.swift; sourceTree = "<group>"; };
		F0EE92FB24CB9E1D00CB3F6E /* Info.plist */ = {isa = PBXFileReference; lastKnownFileType = text.plist.xml; path = Info.plist; sourceTree = "<group>"; };
/* End PBXFileReference section */

/* Begin PBXFrameworksBuildPhase section */
		F0EE92D124CB9E1B00CB3F6E /* Frameworks */ = {
			isa = PBXFrameworksBuildPhase;
			buildActionMask = 2147483647;
			files = (
			);
			runOnlyForDeploymentPostprocessing = 0;
		};
		F0EE92E724CB9E1D00CB3F6E /* Frameworks */ = {
			isa = PBXFrameworksBuildPhase;
			buildActionMask = 2147483647;
			files = (
			);
			runOnlyForDeploymentPostprocessing = 0;
		};
		F0EE92F224CB9E1D00CB3F6E /* Frameworks */ = {
			isa = PBXFrameworksBuildPhase;
			buildActionMask = 2147483647;
			files = (
			);
			runOnlyForDeploymentPostprocessing = 0;
		};
/* End PBXFrameworksBuildPhase section */

/* Begin PBXGroup section */
		F0EE92CB24CB9E1B00CB3F6E = {
			isa = PBXGroup;
			children = (
				F0EE92D624CB9E1B00CB3F6E /* tip */,
				F0EE92ED24CB9E1D00CB3F6E /* tipTests */,
				F0EE92F824CB9E1D00CB3F6E /* tipUITests */,
				F0EE92D524CB9E1B00CB3F6E /* Products */,
			);
			sourceTree = "<group>";
		};
		F0EE92D524CB9E1B00CB3F6E /* Products */ = {
			isa = PBXGroup;
			children = (
				F0EE92D424CB9E1B00CB3F6E /* tip.app */,
				F0EE92EA24CB9E1D00CB3F6E /* tipTests.xctest */,
				F0EE92F524CB9E1D00CB3F6E /* tipUITests.xctest */,
			);
			name = Products;
			sourceTree = "<group>";
		};
		F0EE92D624CB9E1B00CB3F6E /* tip */ = {
			isa = PBXGroup;
			children = (
				F0EE92D724CB9E1B00CB3F6E /* AppDelegate.swift */,
				F0EE92D924CB9E1B00CB3F6E /* SceneDelegate.swift */,
				F0EE92DB24CB9E1B00CB3F6E /* ViewController.swift */,
				F0EE92DD24CB9E1B00CB3F6E /* Main.storyboard */,
				F0EE92E024CB9E1D00CB3F6E /* Assets.xcassets */,
				F0EE92E224CB9E1D00CB3F6E /* LaunchScreen.storyboard */,
				F0EE92E524CB9E1D00CB3F6E /* Info.plist */,
			);
			path = tip;
			sourceTree = "<group>";
		};
		F0EE92ED24CB9E1D00CB3F6E /* tipTests */ = {
			isa = PBXGroup;
			children = (
				F0EE92EE24CB9E1D00CB3F6E /* tipTests.swift */,
				F0EE92F024CB9E1D00CB3F6E /* Info.plist */,
			);
			path = tipTests;
			sourceTree = "<group>";
		};
		F0EE92F824CB9E1D00CB3F6E /* tipUITests */ = {
			isa = PBXGroup;
			children = (
				F0EE92F924CB9E1D00CB3F6E /* tipUITests.swift */,
				F0EE92FB24CB9E1D00CB3F6E /* Info.plist */,
			);
			path = tipUITests;
			sourceTree = "<group>";
		};
/* End PBXGroup section */

/* Begin PBXNativeTarget section */
		F0EE92D324CB9E1B00CB3F6E /* tip */ = {
			isa = PBXNativeTarget;
			buildConfigurationList = F0EE92FE24CB9E1D00CB3F6E /* Build configuration list for PBXNativeTarget "tip" */;
			buildPhases = (
				F0EE92D024CB9E1B00CB3F6E /* Sources */,
				F0EE92D124CB9E1B00CB3F6E /* Frameworks */,
				F0EE92D224CB9E1B00CB3F6E /* Resources */,
			);
			buildRules = (
			);
			dependencies = (
			);
			name = tip;
			productName = tip;
			productReference = F0EE92D424CB9E1B00CB3F6E /* tip.app */;
			productType = "com.apple.product-type.application";
		};
		F0EE92E924CB9E1D00CB3F6E /* tipTests */ = {
			isa = PBXNativeTarget;
			buildConfigurationList = F0EE930124CB9E1D00CB3F6E /* Build configuration list for PBXNativeTarget "tipTests" */;
			buildPhases = (
				F0EE92E624CB9E1D00CB3F6E /* Sources */,
				F0EE92E724CB9E1D00CB3F6E /* Frameworks */,
				F0EE92E824CB9E1D00CB3F6E /* Resources */,
			);
			buildRules = (
			);
			dependencies = (
				F0EE92EC24CB9E1D00CB3F6E /* PBXTargetDependency */,
			);
			name = tipTests;
			productName = tipTests;
			productReference = F0EE92EA24CB9E1D00CB3F6E /* tipTests.xctest */;
			productType = "com.apple.product-type.bundle.unit-test";
		};
		F0EE92F424CB9E1D00CB3F6E /* tipUITests */ = {
			isa = PBXNativeTarget;
			buildConfigurationList = F0EE930424CB9E1D00CB3F6E /* Build configuration list for PBXNativeTarget "tipUITests" */;
			buildPhases = (
				F0EE92F124CB9E1D00CB3F6E /* Sources */,
				F0EE92F224CB9E1D00CB3F6E /* Frameworks */,
				F0EE92F324CB9E1D00CB3F6E /* Resources */,
			);
			buildRules = (
			);
			dependencies = (
				F0EE92F724CB9E1D00CB3F6E /* PBXTargetDependency */,
			);
			name = tipUITests;
			productName = tipUITests;
			productReference = F0EE92F524CB9E1D00CB3F6E /* tipUITests.xctest */;
			productType = "com.apple.product-type.bundle.ui-testing";
		};
/* End PBXNativeTarget section */

/* Begin PBXProject section */
		F0EE92CC24CB9E1B00CB3F6E /* Project object */ = {
			isa = PBXProject;
			attributes = {
				LastSwiftUpdateCheck = 1160;
				LastUpgradeCheck = 1160;
				ORGANIZATIONNAME = Codepath;
				TargetAttributes = {
					F0EE92D324CB9E1B00CB3F6E = {
						CreatedOnToolsVersion = 11.6;
					};
					F0EE92E924CB9E1D00CB3F6E = {
						CreatedOnToolsVersion = 11.6;
						TestTargetID = F0EE92D324CB9E1B00CB3F6E;
					};
					F0EE92F424CB9E1D00CB3F6E = {
						CreatedOnToolsVersion = 11.6;
						TestTargetID = F0EE92D324CB9E1B00CB3F6E;
					};
				};
			};
			buildConfigurationList = F0EE92CF24CB9E1B00CB3F6E /* Build configuration list for PBXProject "tip" */;
			compatibilityVersion = "Xcode 9.3";
			developmentRegion = en;
			hasScannedForEncodings = 0;
			knownRegions = (
				en,
				Base,
			);
			mainGroup = F0EE92CB24CB9E1B00CB3F6E;
			productRefGroup = F0EE92D524CB9E1B00CB3F6E /* Products */;
			projectDirPath = "";
			projectRoot = "";
			targets = (
				F0EE92D324CB9E1B00CB3F6E /* tip */,
				F0EE92E924CB9E1D00CB3F6E /* tipTests */,
				F0EE92F424CB9E1D00CB3F6E /* tipUITests */,
			);
		};
/* End PBXProject section */

/* Begin PBXResourcesBuildPhase section */
		F0EE92D224CB9E1B00CB3F6E /* Resources */ = {
			isa = PBXResourcesBuildPhase;
			buildActionMask = 2147483647;
			files = (
				F0EE92E424CB9E1D00CB3F6E /* LaunchScreen.storyboard in Resources */,
				F0EE92E124CB9E1D00CB3F6E /* Assets.xcassets in Resources */,
				F0EE92DF24CB9E1B00CB3F6E /* Main.storyboard in Resources */,
			);
			runOnlyForDeploymentPostprocessing = 0;
		};
		F0EE92E824CB9E1D00CB3F6E /* Resources */ = {
			isa = PBXResourcesBuildPhase;
			buildActionMask = 2147483647;
			files = (
			);
			runOnlyForDeploymentPostprocessing = 0;
		};
		F0EE92F324CB9E1D00CB3F6E /* Resources */ = {
			isa = PBXResourcesBuildPhase;
			buildActionMask = 2147483647;
			files = (
			);
			runOnlyForDeploymentPostprocessing = 0;
		};
/* End PBXResourcesBuildPhase section */

/* Begin PBXSourcesBuildPhase section */
		F0EE92D024CB9E1B00CB3F6E /* Sources */ = {
			isa = PBXSourcesBuildPhase;
			buildActionMask = 2147483647;
			files = (
				F0EE92DC24CB9E1B00CB3F6E /* ViewController.swift in Sources */,
				F0EE92D824CB9E1B00CB3F6E /* AppDelegate.swift in Sources */,
				F0EE92DA24CB9E1B00CB3F6E /* SceneDelegate.swift in Sources */,
			);
			runOnlyForDeploymentPostprocessing = 0;
		};
		F0EE92E624CB9E1D00CB3F6E /* Sources */ = {
			isa = PBXSourcesBuildPhase;
			buildActionMask = 2147483647;
			files = (
				F0EE92EF24CB9E1D00CB3F6E /* tipTests.swift in Sources */,
			);
			runOnlyForDeploymentPostprocessing = 0;
		};
		F0EE92F124CB9E1D00CB3F6E /* Sources */ = {
			isa = PBXSourcesBuildPhase;
			buildActionMask = 2147483647;
			files = (
				F0EE92FA24CB9E1D00CB3F6E /* tipUITests.swift in Sources */,
			);
			runOnlyForDeploymentPostprocessing = 0;
		};
/* End PBXSourcesBuildPhase section */

/* Begin PBXTargetDependency section */
		F0EE92EC24CB9E1D00CB3F6E /* PBXTargetDependency */ = {
			isa = PBXTargetDependency;
			target = F0EE92D324CB9E1B00CB3F6E /* tip */;
			targetProxy = F0EE92EB24CB9E1D00CB3F6E /* PBXContainerItemProxy */;
		};
		F0EE92F724CB9E1D00CB3F6E /* PBXTargetDependency */ = {
			isa = PBXTargetDependency;
			target = F0EE92D324CB9E1B00CB3F6E /* tip */;
			targetProxy = F0EE92F624CB9E1D00CB3F6E /* PBXContainerItemProxy */;
		};
/* End PBXTargetDependency section */

/* Begin PBXVariantGroup section */
		F0EE92DD24CB9E1B00CB3F6E /* Main.storyboard */ = {
			isa = PBXVariantGroup;
			children = (
				F0EE92DE24CB9E1B00CB3F6E /* Base */,
			);
			name = Main.storyboard;
			sourceTree = "<group>";
		};
		F0EE92E224CB9E1D00CB3F6E /* LaunchScreen.storyboard */ = {
			isa = PBXVariantGroup;
			children = (
				F0EE92E324CB9E1D00CB3F6E /* Base */,
			);
			name = LaunchScreen.storyboard;
			sourceTree = "<group>";
		};
/* End PBXVariantGroup section */

/* Begin XCBuildConfiguration section */
		F0EE92FC24CB9E1D00CB3F6E /* Debug */ = {
			isa = XCBuildConfiguration;
			buildSettings = {
				ALWAYS_SEARCH_USER_PATHS = NO;
				CLANG_ANALYZER_NONNULL = YES;
				CLANG_ANALYZER_NUMBER_OBJECT_CONVERSION = YES_AGGRESSIVE;
				CLANG_CXX_LANGUAGE_STANDARD = "gnu++14";
				CLANG_CXX_LIBRARY = "libc++";
				CLANG_ENABLE_MODULES = YES;
				CLANG_ENABLE_OBJC_ARC = YES;
				CLANG_ENABLE_OBJC_WEAK = YES;
				CLANG_WARN_BLOCK_CAPTURE_AUTORELEASING = YES;
				CLANG_WARN_BOOL_CONVERSION = YES;
				CLANG_WARN_COMMA = YES;
				CLANG_WARN_CONSTANT_CONVERSION = YES;
				CLANG_WARN_DEPRECATED_OBJC_IMPLEMENTATIONS = YES;
				CLANG_WARN_DIRECT_OBJC_ISA_USAGE = YES_ERROR;
				CLANG_WARN_DOCUMENTATION_COMMENTS = YES;
				CLANG_WARN_EMPTY_BODY = YES;
				CLANG_WARN_ENUM_CONVERSION = YES;
				CLANG_WARN_INFINITE_RECURSION = YES;
				CLANG_WARN_INT_CONVERSION = YES;
				CLANG_WARN_NON_LITERAL_NULL_CONVERSION = YES;
				CLANG_WARN_OBJC_IMPLICIT_RETAIN_SELF = YES;
				CLANG_WARN_OBJC_LITERAL_CONVERSION = YES;
				CLANG_WARN_OBJC_ROOT_CLASS = YES_ERROR;
				CLANG_WARN_RANGE_LOOP_ANALYSIS = YES;
				CLANG_WARN_STRICT_PROTOTYPES = YES;
				CLANG_WARN_SUSPICIOUS_MOVE = YES;
				CLANG_WARN_UNGUARDED_AVAILABILITY = YES_AGGRESSIVE;
				CLANG_WARN_UNREACHABLE_CODE = YES;
				CLANG_WARN__DUPLICATE_METHOD_MATCH = YES;
				COPY_PHASE_STRIP = NO;
				DEBUG_INFORMATION_FORMAT = dwarf;
				ENABLE_STRICT_OBJC_MSGSEND = YES;
				ENABLE_TESTABILITY = YES;
				GCC_C_LANGUAGE_STANDARD = gnu11;
				GCC_DYNAMIC_NO_PIC = NO;
				GCC_NO_COMMON_BLOCKS = YES;
				GCC_OPTIMIZATION_LEVEL = 0;
				GCC_PREPROCESSOR_DEFINITIONS = (
					"DEBUG=1",
					"$(inherited)",
				);
				GCC_WARN_64_TO_32_BIT_CONVERSION = YES;
				GCC_WARN_ABOUT_RETURN_TYPE = YES_ERROR;
				GCC_WARN_UNDECLARED_SELECTOR = YES;
				GCC_WARN_UNINITIALIZED_AUTOS = YES_AGGRESSIVE;
				GCC_WARN_UNUSED_FUNCTION = YES;
				GCC_WARN_UNUSED_VARIABLE = YES;
				IPHONEOS_DEPLOYMENT_TARGET = 13.6;
				MTL_ENABLE_DEBUG_INFO = INCLUDE_SOURCE;
				MTL_FAST_MATH = YES;
				ONLY_ACTIVE_ARCH = YES;
				SDKROOT = iphoneos;
				SWIFT_ACTIVE_COMPILATION_CONDITIONS = DEBUG;
				SWIFT_OPTIMIZATION_LEVEL = "-Onone";
			};
			name = Debug;
		};
		F0EE92FD24CB9E1D00CB3F6E /* Release */ = {
			isa = XCBuildConfiguration;
			buildSettings = {
				ALWAYS_SEARCH_USER_PATHS = NO;
				CLANG_ANALYZER_NONNULL = YES;
				CLANG_ANALYZER_NUMBER_OBJECT_CONVERSION = YES_AGGRESSIVE;
				CLANG_CXX_LANGUAGE_STANDARD = "gnu++14";
				CLANG_CXX_LIBRARY = "libc++";
				CLANG_ENABLE_MODULES = YES;
				CLANG_ENABLE_OBJC_ARC = YES;
				CLANG_ENABLE_OBJC_WEAK = YES;
				CLANG_WARN_BLOCK_CAPTURE_AUTORELEASING = YES;
				CLANG_WARN_BOOL_CONVERSION = YES;
				CLANG_WARN_COMMA = YES;
				CLANG_WARN_CONSTANT_CONVERSION = YES;
				CLANG_WARN_DEPRECATED_OBJC_IMPLEMENTATIONS = YES;
				CLANG_WARN_DIRECT_OBJC_ISA_USAGE = YES_ERROR;
				CLANG_WARN_DOCUMENTATION_COMMENTS = YES;
				CLANG_WARN_EMPTY_BODY = YES;
				CLANG_WARN_ENUM_CONVERSION = YES;
				CLANG_WARN_INFINITE_RECURSION = YES;
				CLANG_WARN_INT_CONVERSION = YES;
				CLANG_WARN_NON_LITERAL_NULL_CONVERSION = YES;
				CLANG_WARN_OBJC_IMPLICIT_RETAIN_SELF = YES;
				CLANG_WARN_OBJC_LITERAL_CONVERSION = YES;
				CLANG_WARN_OBJC_ROOT_CLASS = YES_ERROR;
				CLANG_WARN_RANGE_LOOP_ANALYSIS = YES;
				CLANG_WARN_STRICT_PROTOTYPES = YES;
				CLANG_WARN_SUSPICIOUS_MOVE = YES;
				CLANG_WARN_UNGUARDED_AVAILABILITY = YES_AGGRESSIVE;
				CLANG_WARN_UNREACHABLE_CODE = YES;
				CLANG_WARN__DUPLICATE_METHOD_MATCH = YES;
				COPY_PHASE_STRIP = NO;
				DEBUG_INFORMATION_FORMAT = "dwarf-with-dsym";
				ENABLE_NS_ASSERTIONS = NO;
				ENABLE_STRICT_OBJC_MSGSEND = YES;
				GCC_C_LANGUAGE_STANDARD = gnu11;
				GCC_NO_COMMON_BLOCKS = YES;
				GCC_WARN_64_TO_32_BIT_CONVERSION = YES;
				GCC_WARN_ABOUT_RETURN_TYPE = YES_ERROR;
				GCC_WARN_UNDECLARED_SELECTOR = YES;
				GCC_WARN_UNINITIALIZED_AUTOS = YES_AGGRESSIVE;
				GCC_WARN_UNUSED_FUNCTION = YES;
				GCC_WARN_UNUSED_VARIABLE = YES;
				IPHONEOS_DEPLOYMENT_TARGET = 13.6;
				MTL_ENABLE_DEBUG_INFO = NO;
				MTL_FAST_MATH = YES;
				SDKROOT = iphoneos;
				SWIFT_COMPILATION_MODE = wholemodule;
				SWIFT_OPTIMIZATION_LEVEL = "-O";
				VALIDATE_PRODUCT = YES;
			};
			name = Release;
		};
		F0EE92FF24CB9E1D00CB3F6E /* Debug */ = {
			isa = XCBuildConfiguration;
			buildSettings = {
				ASSETCATALOG_COMPILER_APPICON_NAME = AppIcon;
				CODE_SIGN_STYLE = Automatic;
				INFOPLIST_FILE = tip/Info.plist;
				LD_RUNPATH_SEARCH_PATHS = (
					"$(inherited)",
					"@executable_path/Frameworks",
				);
				PRODUCT_BUNDLE_IDENTIFIER = Codepath.tip;
				PRODUCT_NAME = "$(TARGET_NAME)";
				SWIFT_VERSION = 5.0;
				TARGETED_DEVICE_FAMILY = "1,2";
			};
			name = Debug;
		};
		F0EE930024CB9E1D00CB3F6E /* Release */ = {
			isa = XCBuildConfiguration;
			buildSettings = {
				ASSETCATALOG_COMPILER_APPICON_NAME = AppIcon;
				CODE_SIGN_STYLE = Automatic;
				INFOPLIST_FILE = tip/Info.plist;
				LD_RUNPATH_SEARCH_PATHS = (
					"$(inherited)",
					"@executable_path/Frameworks",
				);
				PRODUCT_BUNDLE_IDENTIFIER = Codepath.tip;
				PRODUCT_NAME = "$(TARGET_NAME)";
				SWIFT_VERSION = 5.0;
				TARGETED_DEVICE_FAMILY = "1,2";
			};
			name = Release;
		};
		F0EE930224CB9E1D00CB3F6E /* Debug */ = {
			isa = XCBuildConfiguration;
			buildSettings = {
				ALWAYS_EMBED_SWIFT_STANDARD_LIBRARIES = YES;
				BUNDLE_LOADER = "$(TEST_HOST)";
				CODE_SIGN_STYLE = Automatic;
				INFOPLIST_FILE = tipTests/Info.plist;
				IPHONEOS_DEPLOYMENT_TARGET = 13.6;
				LD_RUNPATH_SEARCH_PATHS = (
					"$(inherited)",
					"@executable_path/Frameworks",
					"@loader_path/Frameworks",
				);
				PRODUCT_BUNDLE_IDENTIFIER = Codepath.tipTests;
				PRODUCT_NAME = "$(TARGET_NAME)";
				SWIFT_VERSION = 5.0;
				TARGETED_DEVICE_FAMILY = "1,2";
				TEST_HOST = "$(BUILT_PRODUCTS_DIR)/tip.app/tip";
			};
			name = Debug;
		};
		F0EE930324CB9E1D00CB3F6E /* Release */ = {
			isa = XCBuildConfiguration;
			buildSettings = {
				ALWAYS_EMBED_SWIFT_STANDARD_LIBRARIES = YES;
				BUNDLE_LOADER = "$(TEST_HOST)";
				CODE_SIGN_STYLE = Automatic;
				INFOPLIST_FILE = tipTests/Info.plist;
				IPHONEOS_DEPLOYMENT_TARGET = 13.6;
				LD_RUNPATH_SEARCH_PATHS = (
					"$(inherited)",
					"@executable_path/Frameworks",
					"@loader_path/Frameworks",
				);
				PRODUCT_BUNDLE_IDENTIFIER = Codepath.tipTests;
				PRODUCT_NAME = "$(TARGET_NAME)";
				SWIFT_VERSION = 5.0;
				TARGETED_DEVICE_FAMILY = "1,2";
				TEST_HOST = "$(BUILT_PRODUCTS_DIR)/tip.app/tip";
			};
			name = Release;
		};
		F0EE930524CB9E1D00CB3F6E /* Debug */ = {
			isa = XCBuildConfiguration;
			buildSettings = {
				ALWAYS_EMBED_SWIFT_STANDARD_LIBRARIES = YES;
				CODE_SIGN_STYLE = Automatic;
				INFOPLIST_FILE = tipUITests/Info.plist;
				LD_RUNPATH_SEARCH_PATHS = (
					"$(inherited)",
					"@executable_path/Frameworks",
					"@loader_path/Frameworks",
				);
				PRODUCT_BUNDLE_IDENTIFIER = Codepath.tipUITests;
				PRODUCT_NAME = "$(TARGET_NAME)";
				SWIFT_VERSION = 5.0;
				TARGETED_DEVICE_FAMILY = "1,2";
				TEST_TARGET_NAME = tip;
			};
			name = Debug;
		};
		F0EE930624CB9E1D00CB3F6E /* Release */ = {
			isa = XCBuildConfiguration;
			buildSettings = {
				ALWAYS_EMBED_SWIFT_STANDARD_LIBRARIES = YES;
				CODE_SIGN_STYLE = Automatic;
				INFOPLIST_FILE = tipUITests/Info.plist;
				LD_RUNPATH_SEARCH_PATHS = (
					"$(inherited)",
					"@executable_path/Frameworks",
					"@loader_path/Frameworks",
				);
				PRODUCT_BUNDLE_IDENTIFIER = Codepath.tipUITests;
				PRODUCT_NAME = "$(TARGET_NAME)";
				SWIFT_VERSION = 5.0;
				TARGETED_DEVICE_FAMILY = "1,2";
				TEST_TARGET_NAME = tip;
			};
			name = Release;
		};
/* End XCBuildConfiguration section */

/* Begin XCConfigurationList section */
		F0EE92CF24CB9E1B00CB3F6E /* Build configuration list for PBXProject "tip" */ = {
			isa = XCConfigurationList;
			buildConfigurations = (
				F0EE92FC24CB9E1D00CB3F6E /* Debug */,
				F0EE92FD24CB9E1D00CB3F6E /* Release */,
			);
			defaultConfigurationIsVisible = 0;
			defaultConfigurationName = Release;
		};
		F0EE92FE24CB9E1D00CB3F6E /* Build configuration list for PBXNativeTarget "tip" */ = {
			isa = XCConfigurationList;
			buildConfigurations = (
				F0EE92FF24CB9E1D00CB3F6E /* Debug */,
				F0EE930024CB9E1D00CB3F6E /* Release */,
			);
			defaultConfigurationIsVisible = 0;
			defaultConfigurationName = Release;
		};
		F0EE930124CB9E1D00CB3F6E /* Build configuration list for PBXNativeTarget "tipTests" */ = {
			isa = XCConfigurationList;
			buildConfigurations = (
				F0EE930224CB9E1D00CB3F6E /* Debug */,
				F0EE930324CB9E1D00CB3F6E /* Release */,
			);
			defaultConfigurationIsVisible = 0;
			defaultConfigurationName = Release;
		};
		F0EE930424CB9E1D00CB3F6E /* Build configuration list for PBXNativeTarget "tipUITests" */ = {
			isa = XCConfigurationList;
			buildConfigurations = (
				F0EE930524CB9E1D00CB3F6E /* Debug */,
				F0EE930624CB9E1D00CB3F6E /* Release */,
			);
			defaultConfigurationIsVisible = 0;
			defaultConfigurationName = Release;
		};
/* End XCConfigurationList section */
	};
	rootObject = F0EE92CC24CB9E1B00CB3F6E /* Project object */;
}
